
Microsoft Visual Studio Solution File, Format Version 12.00
# Visual Studio Version 16
VisualStudioVersion = 16.0.30907.101
MinimumVisualStudioVersion = 10.0.40219.1
Project("{FAE04EC0-301F-11D3-BF4B-00C04F79EFBC}") = "N01432018_RoomReservation_PassionProj", "N01432018_RoomReservation_PassionProj\N01432018_RoomReservation_PassionProj.csproj", "{8493F7BC-3476-4897-AA79-EF727C8AC5E3}"
EndProject
Global
	GlobalSection(SolutionConfigurationPlatforms) = preSolution
		Debug|Any CPU = Debug|Any CPU
		Release|Any CPU = Release|Any CPU
	EndGlobalSection
	GlobalSection(ProjectConfigurationPlatforms) = postSolution
		{8493F7BC-3476-4897-AA79-EF727C8AC5E3}.Debug|Any CPU.ActiveCfg = Debug|Any CPU
		{8493F7BC-3476-4897-AA79-EF727C8AC5E3}.Debug|Any CPU.Build.0 = Debug|Any CPU
		{8493F7BC-3476-4897-AA79-EF727C8AC5E3}.Release|Any CPU.ActiveCfg = Release|Any CPU
		{8493F7BC-3476-4897-AA79-EF727C8AC5E3}.Release|Any CPU.Build.0 = Release|Any CPU
	EndGlobalSection
	GlobalSection(SolutionProperties) = preSolution
		HideSolutionNode = FALSE
	EndGlobalSection
	GlobalSection(ExtensibilityGlobals) = postSolution
		SolutionGuid = {DF6EBF7D-DC71-4B6D-BDBB-DBE41DC4F003}
	EndGlobalSection
EndGlobal
